// !$*UTF8*$!
{
	archiveVersion = 1;
	classes = {
	};
	objectVersion = 46;
	objects = {

/* Begin PBXBuildFile section */
		EE2789651D4F528000E955A4 /* AppDelegate.swift in Sources */ = {isa = PBXBuildFile; fileRef = EE2789641D4F528000E955A4 /* AppDelegate.swift */; };
		EE2789671D4F528000E955A4 /* CheckListViewController.swift in Sources */ = {isa = PBXBuildFile; fileRef = EE2789661D4F528000E955A4 /* CheckListViewController.swift */; };
		EE27896A1D4F528000E955A4 /* Main.storyboard in Resources */ = {isa = PBXBuildFile; fileRef = EE2789681D4F528000E955A4 /* Main.storyboard */; };
		EE27896C1D4F528000E955A4 /* Assets.xcassets in Resources */ = {isa = PBXBuildFile; fileRef = EE27896B1D4F528000E955A4 /* Assets.xcassets */; };
		EE27896F1D4F528000E955A4 /* LaunchScreen.storyboard in Resources */ = {isa = PBXBuildFile; fileRef = EE27896D1D4F528000E955A4 /* LaunchScreen.storyboard */; };
		EE2789771D50655700E955A4 /* ChecklistItem.swift in Sources */ = {isa = PBXBuildFile; fileRef = EE2789761D50655700E955A4 /* ChecklistItem.swift */; };
		EE2789791D50848000E955A4 /* ItemDetailViewController.swift in Sources */ = {isa = PBXBuildFile; fileRef = EE2789781D50848000E955A4 /* ItemDetailViewController.swift */; };
		EE27897D1D58623900E955A4 /* AllListViewController.swift in Sources */ = {isa = PBXBuildFile; fileRef = EE27897C1D58623900E955A4 /* AllListViewController.swift */; };
		EE27897F1D586C0B00E955A4 /* Checklist.swift in Sources */ = {isa = PBXBuildFile; fileRef = EE27897E1D586C0B00E955A4 /* Checklist.swift */; };
		EE2789811D59BA6800E955A4 /* ListDetailViewController.swift in Sources */ = {isa = PBXBuildFile; fileRef = EE2789801D59BA6800E955A4 /* ListDetailViewController.swift */; };
		EE2789851D5A1A0A00E955A4 /* DataModel.swift in Sources */ = {isa = PBXBuildFile; fileRef = EE2789841D5A1A0A00E955A4 /* DataModel.swift */; };
/* End PBXBuildFile section */

/* Begin PBXFileReference section */
		EE2789611D4F528000E955A4 /* CheckList.app */ = {isa = PBXFileReference; explicitFileType = wrapper.application; includeInIndex = 0; path = CheckList.app; sourceTree = BUILT_PRODUCTS_DIR; };
		EE2789641D4F528000E955A4 /* AppDelegate.swift */ = {isa = PBXFileReference; lastKnownFileType = sourcecode.swift; path = AppDelegate.swift; sourceTree = "<group>"; };
		EE2789661D4F528000E955A4 /* CheckListViewController.swift */ = {isa = PBXFileReference; lastKnownFileType = sourcecode.swift; lineEnding = 0; path = CheckListViewController.swift; sourceTree = "<group>"; xcLanguageSpecificationIdentifier = xcode.lang.swift; };
		EE2789691D4F528000E955A4 /* Base */ = {isa = PBXFileReference; lastKnownFileType = file.storyboard; name = Base; path = Base.lproj/Main.storyboard; sourceTree = "<group>"; };
		EE27896B1D4F528000E955A4 /* Assets.xcassets */ = {isa = PBXFileReference; lastKnownFileType = folder.assetcatalog; path = Assets.xcassets; sourceTree = "<group>"; };
		EE27896E1D4F528000E955A4 /* Base */ = {isa = PBXFileReference; lastKnownFileType = file.storyboard; name = Base; path = Base.lproj/LaunchScreen.storyboard; sourceTree = "<group>"; };
		EE2789701D4F528000E955A4 /* Info.plist */ = {isa = PBXFileReference; lastKnownFileType = text.plist.xml; path = Info.plist; sourceTree = "<group>"; };
		EE2789761D50655700E955A4 /* ChecklistItem.swift */ = {isa = PBXFileReference; fileEncoding = 4; lastKnownFileType = sourcecode.swift; path = ChecklistItem.swift; sourceTree = "<group>"; };
		EE2789781D50848000E955A4 /* ItemDetailViewController.swift */ = {isa = PBXFileReference; fileEncoding = 4; lastKnownFileType = sourcecode.swift; lineEnding = 0; path = ItemDetailViewController.swift; sourceTree = "<group>"; xcLanguageSpecificationIdentifier = xcode.lang.swift; };
		EE27897C1D58623900E955A4 /* AllListViewController.swift */ = {isa = PBXFileReference; fileEncoding = 4; lastKnownFileType = sourcecode.swift; path = AllListViewController.swift; sourceTree = "<group>"; };
		EE27897E1D586C0B00E955A4 /* Checklist.swift */ = {isa = PBXFileReference; fileEncoding = 4; lastKnownFileType = sourcecode.swift; path = Checklist.swift; sourceTree = "<group>"; };
		EE2789801D59BA6800E955A4 /* ListDetailViewController.swift */ = {isa = PBXFileReference; fileEncoding = 4; lastKnownFileType = sourcecode.swift; path = ListDetailViewController.swift; sourceTree = "<group>"; };
		EE2789841D5A1A0A00E955A4 /* DataModel.swift */ = {isa = PBXFileReference; fileEncoding = 4; lastKnownFileType = sourcecode.swift; path = DataModel.swift; sourceTree = "<group>"; };
/* End PBXFileReference section */

/* Begin PBXFrameworksBuildPhase section */
		EE27895E1D4F528000E955A4 /* Frameworks */ = {
			isa = PBXFrameworksBuildPhase;
			buildActionMask = 2147483647;
			files = (
			);
			runOnlyForDeploymentPostprocessing = 0;
		};
/* End PBXFrameworksBuildPhase section */

/* Begin PBXGroup section */
		EE2789581D4F528000E955A4 = {
			isa = PBXGroup;
			children = (
				EE2789631D4F528000E955A4 /* CheckList */,
				EE2789621D4F528000E955A4 /* Products */,
			);
			sourceTree = "<group>";
		};
		EE2789621D4F528000E955A4 /* Products */ = {
			isa = PBXGroup;
			children = (
				EE2789611D4F528000E955A4 /* CheckList.app */,
			);
			name = Products;
			sourceTree = "<group>";
		};
		EE2789631D4F528000E955A4 /* CheckList */ = {
			isa = PBXGroup;
			children = (
				EE2789641D4F528000E955A4 /* AppDelegate.swift */,
				EE2789841D5A1A0A00E955A4 /* DataModel.swift */,
				EE2789661D4F528000E955A4 /* CheckListViewController.swift */,
				EE2789681D4F528000E955A4 /* Main.storyboard */,
				EE27896B1D4F528000E955A4 /* Assets.xcassets */,
				EE27896D1D4F528000E955A4 /* LaunchScreen.storyboard */,
				EE2789701D4F528000E955A4 /* Info.plist */,
				EE2789761D50655700E955A4 /* ChecklistItem.swift */,
				EE2789781D50848000E955A4 /* ItemDetailViewController.swift */,
				EE27897C1D58623900E955A4 /* AllListViewController.swift */,
				EE27897E1D586C0B00E955A4 /* Checklist.swift */,
				EE2789801D59BA6800E955A4 /* ListDetailViewController.swift */,
			);
			path = CheckList;
			sourceTree = "<group>";
		};
/* End PBXGroup section */

/* Begin PBXNativeTarget section */
		EE2789601D4F528000E955A4 /* CheckList */ = {
			isa = PBXNativeTarget;
			buildConfigurationList = EE2789731D4F528000E955A4 /* Build configuration list for PBXNativeTarget "CheckList" */;
			buildPhases = (
				EE27895D1D4F528000E955A4 /* Sources */,
				EE27895E1D4F528000E955A4 /* Frameworks */,
				EE27895F1D4F528000E955A4 /* Resources */,
			);
			buildRules = (
			);
			dependencies = (
			);
			name = CheckList;
			productName = CheckList;
			productReference = EE2789611D4F528000E955A4 /* CheckList.app */;
			productType = "com.apple.product-type.application";
		};
/* End PBXNativeTarget section */

/* Begin PBXProject section */
		EE2789591D4F528000E955A4 /* Project object */ = {
			isa = PBXProject;
			attributes = {
				LastSwiftUpdateCheck = 0730;
				LastUpgradeCheck = 0730;
				ORGANIZATIONNAME = "Amrish Mahesh";
				TargetAttributes = {
					EE2789601D4F528000E955A4 = {
						CreatedOnToolsVersion = 7.3.1;
						DevelopmentTeam = G2R59M37PL;
					};
				};
			};
			buildConfigurationList = EE27895C1D4F528000E955A4 /* Build configuration list for PBXProject "CheckList" */;
			compatibilityVersion = "Xcode 3.2";
			developmentRegion = English;
			hasScannedForEncodings = 0;
			knownRegions = (
				en,
				Base,
			);
			mainGroup = EE2789581D4F528000E955A4;
			productRefGroup = EE2789621D4F528000E955A4 /* Products */;
			projectDirPath = "";
			projectRoot = "";
			targets = (
				EE2789601D4F528000E955A4 /* CheckList */,
			);
		};
/* End PBXProject section */

/* Begin PBXResourcesBuildPhase section */
		EE27895F1D4F528000E955A4 /* Resources */ = {
			isa = PBXResourcesBuildPhase;
			buildActionMask = 2147483647;
			files = (
				EE27896F1D4F528000E955A4 /* LaunchScreen.storyboard in Resources */,
				EE27896C1D4F528000E955A4 /* Assets.xcassets in Resources */,
				EE27896A1D4F528000E955A4 /* Main.storyboard in Resources */,
			);
			runOnlyForDeploymentPostprocessing = 0;
		};
/* End PBXResourcesBuildPhase section */

/* Begin PBXSourcesBuildPhase section */
		EE27895D1D4F528000E955A4 /* Sources */ = {
			isa = PBXSourcesBuildPhase;
			buildActionMask = 2147483647;
			files = (
				EE2789671D4F528000E955A4 /* CheckListViewController.swift in Sources */,
				EE2789811D59BA6800E955A4 /* ListDetailViewController.swift in Sources */,
				EE2789791D50848000E955A4 /* ItemDetailViewController.swift in Sources */,
				EE27897F1D586C0B00E955A4 /* Checklist.swift in Sources */,
				EE27897D1D58623900E955A4 /* AllListViewController.swift in Sources */,
				EE2789851D5A1A0A00E955A4 /* DataModel.swift in Sources */,
				EE2789771D50655700E955A4 /* ChecklistItem.swift in Sources */,
				EE2789651D4F528000E955A4 /* AppDelegate.swift in Sources */,
			);
			runOnlyForDeploymentPostprocessing = 0;
		};
/* End PBXSourcesBuildPhase section */

/* Begin PBXVariantGroup section */
		EE2789681D4F528000E955A4 /* Main.storyboard */ = {
			isa = PBXVariantGroup;
			children = (
				EE2789691D4F528000E955A4 /* Base */,
			);
			name = Main.storyboard;
			sourceTree = "<group>";
		};
		EE27896D1D4F528000E955A4 /* LaunchScreen.storyboard */ = {
			isa = PBXVariantGroup;
			children = (
				EE27896E1D4F528000E955A4 /* Base */,
			);
			name = LaunchScreen.storyboard;
			sourceTree = "<group>";
		};
/* End PBXVariantGroup section */

/* Begin XCBuildConfiguration section */
		EE2789711D4F528000E955A4 /* Debug */ = {
			isa = XCBuildConfiguration;
			buildSettings = {
				ALWAYS_SEARCH_USER_PATHS = NO;
				CLANG_ANALYZER_NONNULL = YES;
				CLANG_CXX_LANGUAGE_STANDARD = "gnu++0x";
				CLANG_CXX_LIBRARY = "libc++";
				CLANG_ENABLE_MODULES = YES;
				CLANG_ENABLE_OBJC_ARC = YES;
				CLANG_WARN_BOOL_CONVERSION = YES;
				CLANG_WARN_CONSTANT_CONVERSION = YES;
				CLANG_WARN_DIRECT_OBJC_ISA_USAGE = YES_ERROR;
				CLANG_WARN_EMPTY_BODY = YES;
				CLANG_WARN_ENUM_CONVERSION = YES;
				CLANG_WARN_INT_CONVERSION = YES;
				CLANG_WARN_OBJC_ROOT_CLASS = YES_ERROR;
				CLANG_WARN_UNREACHABLE_CODE = YES;
				CLANG_WARN__DUPLICATE_METHOD_MATCH = YES;
				"CODE_SIGN_IDENTITY[sdk=iphoneos*]" = "iPhone Developer";
				COPY_PHASE_STRIP = NO;
				DEBUG_INFORMATION_FORMAT = dwarf;
				ENABLE_STRICT_OBJC_MSGSEND = YES;
				ENABLE_TESTABILITY = YES;
				GCC_C_LANGUAGE_STANDARD = gnu99;
				GCC_DYNAMIC_NO_PIC = NO;
				GCC_NO_COMMON_BLOCKS = YES;
				GCC_OPTIMIZATION_LEVEL = 0;
				GCC_PREPROCESSOR_DEFINITIONS = (
					"DEBUG=1",
					"$(inherited)",
				);
				GCC_WARN_64_TO_32_BIT_CONVERSION = YES;
				GCC_WARN_ABOUT_RETURN_TYPE = YES_ERROR;
				GCC_WARN_UNDECLARED_SELECTOR = YES;
				GCC_WARN_UNINITIALIZED_AUTOS = YES_AGGRESSIVE;
				GCC_WARN_UNUSED_FUNCTION = YES;
				GCC_WARN_UNUSED_VARIABLE = YES;
				IPHONEOS_DEPLOYMENT_TARGET = 9.3;
				MTL_ENABLE_DEBUG_INFO = YES;
				ONLY_ACTIVE_ARCH = YES;
				SDKROOT = iphoneos;
				SWIFT_OPTIMIZATION_LEVEL = "-Onone";
				TARGETED_DEVICE_FAMILY = "1,2";
			};
			name = Debug;
		};
		EE2789721D4F528000E955A4 /* Release */ = {
			isa = XCBuildConfiguration;
			buildSettings = {
				ALWAYS_SEARCH_USER_PATHS = NO;
				CLANG_ANALYZER_NONNULL = YES;
				CLANG_CXX_LANGUAGE_STANDARD = "gnu++0x";
				CLANG_CXX_LIBRARY = "libc++";
				CLANG_ENABLE_MODULES = YES;
				CLANG_ENABLE_OBJC_ARC = YES;
				CLANG_WARN_BOOL_CONVERSION = YES;
				CLANG_WARN_CONSTANT_CONVERSION = YES;
				CLANG_WARN_DIRECT_OBJC_ISA_USAGE = YES_ERROR;
				CLANG_WARN_EMPTY_BODY = YES;
				CLANG_WARN_ENUM_CONVERSION = YES;
				CLANG_WARN_INT_CONVERSION = YES;
				CLANG_WARN_OBJC_ROOT_CLASS = YES_ERROR;
				CLANG_WARN_UNREACHABLE_CODE = YES;
				CLANG_WARN__DUPLICATE_METHOD_MATCH = YES;
				"CODE_SIGN_IDENTITY[sdk=iphoneos*]" = "iPhone Developer";
				COPY_PHASE_STRIP = NO;
				DEBUG_INFORMATION_FORMAT = "dwarf-with-dsym";
				ENABLE_NS_ASSERTIONS = NO;
				ENABLE_STRICT_OBJC_MSGSEND = YES;
				GCC_C_LANGUAGE_STANDARD = gnu99;
				GCC_NO_COMMON_BLOCKS = YES;
				GCC_WARN_64_TO_32_BIT_CONVERSION = YES;
				GCC_WARN_ABOUT_RETURN_TYPE = YES_ERROR;
				GCC_WARN_UNDECLARED_SELECTOR = YES;
				GCC_WARN_UNINITIALIZED_AUTOS = YES_AGGRESSIVE;
				GCC_WARN_UNUSED_FUNCTION = YES;
				GCC_WARN_UNUSED_VARIABLE = YES;
				IPHONEOS_DEPLOYMENT_TARGET = 9.3;
				MTL_ENABLE_DEBUG_INFO = NO;
				SDKROOT = iphoneos;
				TARGETED_DEVICE_FAMILY = "1,2";
				VALIDATE_PRODUCT = YES;
			};
			name = Release;
		};
		EE2789741D4F528000E955A4 /* Debug */ = {
			isa = XCBuildConfiguration;
			buildSettings = {
				ASSETCATALOG_COMPILER_APPICON_NAME = AppIcon;
				INFOPLIST_FILE = CheckList/Info.plist;
				LD_RUNPATH_SEARCH_PATHS = "$(inherited) @executable_path/Frameworks";
				PRODUCT_BUNDLE_IDENTIFIER = com.amrish.036.CheckList;
				PRODUCT_NAME = "$(TARGET_NAME)";
			};
			name = Debug;
		};
		EE2789751D4F528000E955A4 /* Release */ = {
			isa = XCBuildConfiguration;
			buildSettings = {
				ASSETCATALOG_COMPILER_APPICON_NAME = AppIcon;
				INFOPLIST_FILE = CheckList/Info.plist;
				LD_RUNPATH_SEARCH_PATHS = "$(inherited) @executable_path/Frameworks";
				PRODUCT_BUNDLE_IDENTIFIER = com.amrish.036.CheckList;
				PRODUCT_NAME = "$(TARGET_NAME)";
			};
			name = Release;
		};
/* End XCBuildConfiguration section */

/* Begin XCConfigurationList section */
		EE27895C1D4F528000E955A4 /* Build configuration list for PBXProject "CheckList" */ = {
			isa = XCConfigurationList;
			buildConfigurations = (
				EE2789711D4F528000E955A4 /* Debug */,
				EE2789721D4F528000E955A4 /* Release */,
			);
			defaultConfigurationIsVisible = 0;
			defaultConfigurationName = Release;
		};
		EE2789731D4F528000E955A4 /* Build configuration list for PBXNativeTarget "CheckList" */ = {
			isa = XCConfigurationList;
			buildConfigurations = (
				EE2789741D4F528000E955A4 /* Debug */,
				EE2789751D4F528000E955A4 /* Release */,
			);
			defaultConfigurationIsVisible = 0;
			defaultConfigurationName = Release;
		};
/* End XCConfigurationList section */
	};
	rootObject = EE2789591D4F528000E955A4 /* Project object */;
}
